
Microsoft Visual Studio Solution File, Format Version 12.00
# Visual Studio 2015
Project("{FAE04EC0-301F-11D3-BF4B-00C04F79EFBC}") = "VRShooting_v061.CSharp", "VRShooting_v061.CSharp.csproj", "{A52AD83A-6509-67DE-9923-BA36928D4AF9}"
EndProject
Project("{FAE04EC0-301F-11D3-BF4B-00C04F79EFBC}") = "VRShooting_v061.CSharp.Editor", "VRShooting_v061.CSharp.Editor.csproj", "{E5AE9704-0D60-6190-C79A-3E6E2DEE21BB}"
EndProject
Global
	GlobalSection(SolutionConfigurationPlatforms) = preSolution
		Debug|Any CPU = Debug|Any CPU
		Release|Any CPU = Release|Any CPU
	EndGlobalSection
	GlobalSection(ProjectConfigurationPlatforms) = postSolution
		{A52AD83A-6509-67DE-9923-BA36928D4AF9}.Debug|Any CPU.ActiveCfg = Debug|Any CPU
		{A52AD83A-6509-67DE-9923-BA36928D4AF9}.Debug|Any CPU.Build.0 = Debug|Any CPU
		{A52AD83A-6509-67DE-9923-BA36928D4AF9}.Release|Any CPU.ActiveCfg = Release|Any CPU
		{A52AD83A-6509-67DE-9923-BA36928D4AF9}.Release|Any CPU.Build.0 = Release|Any CPU
		{E5AE9704-0D60-6190-C79A-3E6E2DEE21BB}.Debug|Any CPU.ActiveCfg = Debug|Any CPU
		{E5AE9704-0D60-6190-C79A-3E6E2DEE21BB}.Debug|Any CPU.Build.0 = Debug|Any CPU
		{E5AE9704-0D60-6190-C79A-3E6E2DEE21BB}.Release|Any CPU.ActiveCfg = Release|Any CPU
		{E5AE9704-0D60-6190-C79A-3E6E2DEE21BB}.Release|Any CPU.Build.0 = Release|Any CPU
	EndGlobalSection
	GlobalSection(SolutionProperties) = preSolution
		HideSolutionNode = FALSE
	EndGlobalSection
EndGlobal
